
Microsoft Visual Studio Solution File, Format Version 12.00
# Visual Studio Version 17
VisualStudioVersion = 17.7.34221.43
MinimumVisualStudioVersion = 10.0.40219.1
Project("{FAE04EC0-301F-11D3-BF4B-00C04F79EFBC}") = "Boksystem", "Boksystem.csproj", "{FBE9FD11-D258-486F-94A6-20481077F4E2}"
EndProject
Global
	GlobalSection(SolutionConfigurationPlatforms) = preSolution
		Debug|Any CPU = Debug|Any CPU
		Release|Any CPU = Release|Any CPU
	EndGlobalSection
	GlobalSection(ProjectConfigurationPlatforms) = postSolution
		{FBE9FD11-D258-486F-94A6-20481077F4E2}.Debug|Any CPU.ActiveCfg = Debug|Any CPU
		{FBE9FD11-D258-486F-94A6-20481077F4E2}.Debug|Any CPU.Build.0 = Debug|Any CPU
		{FBE9FD11-D258-486F-94A6-20481077F4E2}.Release|Any CPU.ActiveCfg = Release|Any CPU
		{FBE9FD11-D258-486F-94A6-20481077F4E2}.Release|Any CPU.Build.0 = Release|Any CPU
	EndGlobalSection
	GlobalSection(SolutionProperties) = preSolution
		HideSolutionNode = FALSE
	EndGlobalSection
	GlobalSection(ExtensibilityGlobals) = postSolution
		SolutionGuid = {0348B487-68C4-4114-87D1-1313CF03F4C5}
	EndGlobalSection
EndGlobal
